// !$*UTF8*$!
{
	archiveVersion = 1;
	classes = {
	};
	objectVersion = 56;
	objects = {

/* Begin PBXBuildFile section */
		11183FE12A6055B400C77ABE /* Logger Watch App.app in Embed Watch Content */ = {isa = PBXBuildFile; fileRef = 11183FE02A6055B400C77ABE /* Logger Watch App.app */; settings = {ATTRIBUTES = (RemoveHeadersOnCopy, ); }; };
		11183FE62A6055B400C77ABE /* LoggerApp.swift in Sources */ = {isa = PBXBuildFile; fileRef = 11183FE52A6055B400C77ABE /* LoggerApp.swift */; };
		11183FE82A6055B400C77ABE /* ContentView.swift in Sources */ = {isa = PBXBuildFile; fileRef = 11183FE72A6055B400C77ABE /* ContentView.swift */; };
		11183FEA2A6055B600C77ABE /* Assets.xcassets in Resources */ = {isa = PBXBuildFile; fileRef = 11183FE92A6055B600C77ABE /* Assets.xcassets */; };
		11183FED2A6055B600C77ABE /* Preview Assets.xcassets in Resources */ = {isa = PBXBuildFile; fileRef = 11183FEC2A6055B600C77ABE /* Preview Assets.xcassets */; };
		11183FF72A6055B600C77ABE /* Logger_Watch_AppTests.swift in Sources */ = {isa = PBXBuildFile; fileRef = 11183FF62A6055B600C77ABE /* Logger_Watch_AppTests.swift */; };
		111840012A6055B600C77ABE /* Logger_Watch_AppUITests.swift in Sources */ = {isa = PBXBuildFile; fileRef = 111840002A6055B600C77ABE /* Logger_Watch_AppUITests.swift */; };
		111840032A6055B600C77ABE /* Logger_Watch_AppUITestsLaunchTests.swift in Sources */ = {isa = PBXBuildFile; fileRef = 111840022A6055B600C77ABE /* Logger_Watch_AppUITestsLaunchTests.swift */; };
		111840142A60567100C77ABE /* SensorLogger.swift in Sources */ = {isa = PBXBuildFile; fileRef = 111840132A60567100C77ABE /* SensorLogger.swift */; };
/* End PBXBuildFile section */

/* Begin PBXContainerItemProxy section */
		11183FE22A6055B400C77ABE /* PBXContainerItemProxy */ = {
			isa = PBXContainerItemProxy;
			containerPortal = 11183FD42A6055B400C77ABE /* Project object */;
			proxyType = 1;
			remoteGlobalIDString = 11183FDF2A6055B400C77ABE;
			remoteInfo = "Logger Watch App";
		};
		11183FF32A6055B600C77ABE /* PBXContainerItemProxy */ = {
			isa = PBXContainerItemProxy;
			containerPortal = 11183FD42A6055B400C77ABE /* Project object */;
			proxyType = 1;
			remoteGlobalIDString = 11183FDF2A6055B400C77ABE;
			remoteInfo = "Logger Watch App";
		};
		11183FFD2A6055B600C77ABE /* PBXContainerItemProxy */ = {
			isa = PBXContainerItemProxy;
			containerPortal = 11183FD42A6055B400C77ABE /* Project object */;
			proxyType = 1;
			remoteGlobalIDString = 11183FDF2A6055B400C77ABE;
			remoteInfo = "Logger Watch App";
		};
/* End PBXContainerItemProxy section */

/* Begin PBXCopyFilesBuildPhase section */
		111840092A6055B600C77ABE /* Embed Watch Content */ = {
			isa = PBXCopyFilesBuildPhase;
			buildActionMask = 2147483647;
			dstPath = "$(CONTENTS_FOLDER_PATH)/Watch";
			dstSubfolderSpec = 16;
			files = (
				11183FE12A6055B400C77ABE /* Logger Watch App.app in Embed Watch Content */,
			);
			name = "Embed Watch Content";
			runOnlyForDeploymentPostprocessing = 0;
		};
/* End PBXCopyFilesBuildPhase section */

/* Begin PBXFileReference section */
		11183FDA2A6055B400C77ABE /* Logger.app */ = {isa = PBXFileReference; explicitFileType = wrapper.application; includeInIndex = 0; path = Logger.app; sourceTree = BUILT_PRODUCTS_DIR; };
		11183FE02A6055B400C77ABE /* Logger Watch App.app */ = {isa = PBXFileReference; explicitFileType = wrapper.application; includeInIndex = 0; path = "Logger Watch App.app"; sourceTree = BUILT_PRODUCTS_DIR; };
		11183FE52A6055B400C77ABE /* LoggerApp.swift */ = {isa = PBXFileReference; lastKnownFileType = sourcecode.swift; path = LoggerApp.swift; sourceTree = "<group>"; };
		11183FE72A6055B400C77ABE /* ContentView.swift */ = {isa = PBXFileReference; lastKnownFileType = sourcecode.swift; path = ContentView.swift; sourceTree = "<group>"; };
		11183FE92A6055B600C77ABE /* Assets.xcassets */ = {isa = PBXFileReference; lastKnownFileType = folder.assetcatalog; path = Assets.xcassets; sourceTree = "<group>"; };
		11183FEC2A6055B600C77ABE /* Preview Assets.xcassets */ = {isa = PBXFileReference; lastKnownFileType = folder.assetcatalog; path = "Preview Assets.xcassets"; sourceTree = "<group>"; };
		11183FF22A6055B600C77ABE /* Logger Watch AppTests.xctest */ = {isa = PBXFileReference; explicitFileType = wrapper.cfbundle; includeInIndex = 0; path = "Logger Watch AppTests.xctest"; sourceTree = BUILT_PRODUCTS_DIR; };
		11183FF62A6055B600C77ABE /* Logger_Watch_AppTests.swift */ = {isa = PBXFileReference; lastKnownFileType = sourcecode.swift; path = Logger_Watch_AppTests.swift; sourceTree = "<group>"; };
		11183FFC2A6055B600C77ABE /* Logger Watch AppUITests.xctest */ = {isa = PBXFileReference; explicitFileType = wrapper.cfbundle; includeInIndex = 0; path = "Logger Watch AppUITests.xctest"; sourceTree = BUILT_PRODUCTS_DIR; };
		111840002A6055B600C77ABE /* Logger_Watch_AppUITests.swift */ = {isa = PBXFileReference; lastKnownFileType = sourcecode.swift; path = Logger_Watch_AppUITests.swift; sourceTree = "<group>"; };
		111840022A6055B600C77ABE /* Logger_Watch_AppUITestsLaunchTests.swift */ = {isa = PBXFileReference; lastKnownFileType = sourcecode.swift; path = Logger_Watch_AppUITestsLaunchTests.swift; sourceTree = "<group>"; };
		111840132A60567100C77ABE /* SensorLogger.swift */ = {isa = PBXFileReference; fileEncoding = 4; lastKnownFileType = sourcecode.swift; path = SensorLogger.swift; sourceTree = "<group>"; };
/* End PBXFileReference section */

/* Begin PBXFrameworksBuildPhase section */
		11183FDD2A6055B400C77ABE /* Frameworks */ = {
			isa = PBXFrameworksBuildPhase;
			buildActionMask = 2147483647;
			files = (
			);
			runOnlyForDeploymentPostprocessing = 0;
		};
		11183FEF2A6055B600C77ABE /* Frameworks */ = {
			isa = PBXFrameworksBuildPhase;
			buildActionMask = 2147483647;
			files = (
			);
			runOnlyForDeploymentPostprocessing = 0;
		};
		11183FF92A6055B600C77ABE /* Frameworks */ = {
			isa = PBXFrameworksBuildPhase;
			buildActionMask = 2147483647;
			files = (
			);
			runOnlyForDeploymentPostprocessing = 0;
		};
/* End PBXFrameworksBuildPhase section */

/* Begin PBXGroup section */
		11183FD32A6055B400C77ABE = {
			isa = PBXGroup;
			children = (
				11183FE42A6055B400C77ABE /* Logger Watch App */,
				11183FF52A6055B600C77ABE /* Logger Watch AppTests */,
				11183FFF2A6055B600C77ABE /* Logger Watch AppUITests */,
				11183FDB2A6055B400C77ABE /* Products */,
			);
			sourceTree = "<group>";
		};
		11183FDB2A6055B400C77ABE /* Products */ = {
			isa = PBXGroup;
			children = (
				11183FDA2A6055B400C77ABE /* Logger.app */,
				11183FE02A6055B400C77ABE /* Logger Watch App.app */,
				11183FF22A6055B600C77ABE /* Logger Watch AppTests.xctest */,
				11183FFC2A6055B600C77ABE /* Logger Watch AppUITests.xctest */,
			);
			name = Products;
			sourceTree = "<group>";
		};
		11183FE42A6055B400C77ABE /* Logger Watch App */ = {
			isa = PBXGroup;
			children = (
				111840132A60567100C77ABE /* SensorLogger.swift */,
				11183FE52A6055B400C77ABE /* LoggerApp.swift */,
				11183FE72A6055B400C77ABE /* ContentView.swift */,
				11183FE92A6055B600C77ABE /* Assets.xcassets */,
				11183FEB2A6055B600C77ABE /* Preview Content */,
			);
			path = "Logger Watch App";
			sourceTree = "<group>";
		};
		11183FEB2A6055B600C77ABE /* Preview Content */ = {
			isa = PBXGroup;
			children = (
				11183FEC2A6055B600C77ABE /* Preview Assets.xcassets */,
			);
			path = "Preview Content";
			sourceTree = "<group>";
		};
		11183FF52A6055B600C77ABE /* Logger Watch AppTests */ = {
			isa = PBXGroup;
			children = (
				11183FF62A6055B600C77ABE /* Logger_Watch_AppTests.swift */,
			);
			path = "Logger Watch AppTests";
			sourceTree = "<group>";
		};
		11183FFF2A6055B600C77ABE /* Logger Watch AppUITests */ = {
			isa = PBXGroup;
			children = (
				111840002A6055B600C77ABE /* Logger_Watch_AppUITests.swift */,
				111840022A6055B600C77ABE /* Logger_Watch_AppUITestsLaunchTests.swift */,
			);
			path = "Logger Watch AppUITests";
			sourceTree = "<group>";
		};
/* End PBXGroup section */

/* Begin PBXNativeTarget section */
		11183FD92A6055B400C77ABE /* Logger */ = {
			isa = PBXNativeTarget;
			buildConfigurationList = 1118400A2A6055B600C77ABE /* Build configuration list for PBXNativeTarget "Logger" */;
			buildPhases = (
				11183FD82A6055B400C77ABE /* Resources */,
				111840092A6055B600C77ABE /* Embed Watch Content */,
			);
			buildRules = (
			);
			dependencies = (
				11183FE32A6055B400C77ABE /* PBXTargetDependency */,
			);
			name = Logger;
			productName = Logger;
			productReference = 11183FDA2A6055B400C77ABE /* Logger.app */;
			productType = "com.apple.product-type.application.watchapp2-container";
		};
		11183FDF2A6055B400C77ABE /* Logger Watch App */ = {
			isa = PBXNativeTarget;
			buildConfigurationList = 111840062A6055B600C77ABE /* Build configuration list for PBXNativeTarget "Logger Watch App" */;
			buildPhases = (
				11183FDC2A6055B400C77ABE /* Sources */,
				11183FDD2A6055B400C77ABE /* Frameworks */,
				11183FDE2A6055B400C77ABE /* Resources */,
			);
			buildRules = (
			);
			dependencies = (
			);
			name = "Logger Watch App";
			productName = "Logger Watch App";
			productReference = 11183FE02A6055B400C77ABE /* Logger Watch App.app */;
			productType = "com.apple.product-type.application";
		};
		11183FF12A6055B600C77ABE /* Logger Watch AppTests */ = {
			isa = PBXNativeTarget;
			buildConfigurationList = 1118400D2A6055B600C77ABE /* Build configuration list for PBXNativeTarget "Logger Watch AppTests" */;
			buildPhases = (
				11183FEE2A6055B600C77ABE /* Sources */,
				11183FEF2A6055B600C77ABE /* Frameworks */,
				11183FF02A6055B600C77ABE /* Resources */,
			);
			buildRules = (
			);
			dependencies = (
				11183FF42A6055B600C77ABE /* PBXTargetDependency */,
			);
			name = "Logger Watch AppTests";
			productName = "Logger Watch AppTests";
			productReference = 11183FF22A6055B600C77ABE /* Logger Watch AppTests.xctest */;
			productType = "com.apple.product-type.bundle.unit-test";
		};
		11183FFB2A6055B600C77ABE /* Logger Watch AppUITests */ = {
			isa = PBXNativeTarget;
			buildConfigurationList = 111840102A6055B600C77ABE /* Build configuration list for PBXNativeTarget "Logger Watch AppUITests" */;
			buildPhases = (
				11183FF82A6055B600C77ABE /* Sources */,
				11183FF92A6055B600C77ABE /* Frameworks */,
				11183FFA2A6055B600C77ABE /* Resources */,
			);
			buildRules = (
			);
			dependencies = (
				11183FFE2A6055B600C77ABE /* PBXTargetDependency */,
			);
			name = "Logger Watch AppUITests";
			productName = "Logger Watch AppUITests";
			productReference = 11183FFC2A6055B600C77ABE /* Logger Watch AppUITests.xctest */;
			productType = "com.apple.product-type.bundle.ui-testing";
		};
/* End PBXNativeTarget section */

/* Begin PBXProject section */
		11183FD42A6055B400C77ABE /* Project object */ = {
			isa = PBXProject;
			attributes = {
				BuildIndependentTargetsInParallel = 1;
				LastSwiftUpdateCheck = 1430;
				LastUpgradeCheck = 1430;
				TargetAttributes = {
					11183FD92A6055B400C77ABE = {
						CreatedOnToolsVersion = 14.3.1;
					};
					11183FDF2A6055B400C77ABE = {
						CreatedOnToolsVersion = 14.3.1;
					};
					11183FF12A6055B600C77ABE = {
						CreatedOnToolsVersion = 14.3.1;
						TestTargetID = 11183FDF2A6055B400C77ABE;
					};
					11183FFB2A6055B600C77ABE = {
						CreatedOnToolsVersion = 14.3.1;
						TestTargetID = 11183FDF2A6055B400C77ABE;
					};
				};
			};
			buildConfigurationList = 11183FD72A6055B400C77ABE /* Build configuration list for PBXProject "Logger" */;
			compatibilityVersion = "Xcode 14.0";
			developmentRegion = en;
			hasScannedForEncodings = 0;
			knownRegions = (
				en,
				Base,
			);
			mainGroup = 11183FD32A6055B400C77ABE;
			productRefGroup = 11183FDB2A6055B400C77ABE /* Products */;
			projectDirPath = "";
			projectRoot = "";
			targets = (
				11183FD92A6055B400C77ABE /* Logger */,
				11183FDF2A6055B400C77ABE /* Logger Watch App */,
				11183FF12A6055B600C77ABE /* Logger Watch AppTests */,
				11183FFB2A6055B600C77ABE /* Logger Watch AppUITests */,
			);
		};
/* End PBXProject section */

/* Begin PBXResourcesBuildPhase section */
		11183FD82A6055B400C77ABE /* Resources */ = {
			isa = PBXResourcesBuildPhase;
			buildActionMask = 2147483647;
			files = (
			);
			runOnlyForDeploymentPostprocessing = 0;
		};
		11183FDE2A6055B400C77ABE /* Resources */ = {
			isa = PBXResourcesBuildPhase;
			buildActionMask = 2147483647;
			files = (
				11183FED2A6055B600C77ABE /* Preview Assets.xcassets in Resources */,
				11183FEA2A6055B600C77ABE /* Assets.xcassets in Resources */,
			);
			runOnlyForDeploymentPostprocessing = 0;
		};
		11183FF02A6055B600C77ABE /* Resources */ = {
			isa = PBXResourcesBuildPhase;
			buildActionMask = 2147483647;
			files = (
			);
			runOnlyForDeploymentPostprocessing = 0;
		};
		11183FFA2A6055B600C77ABE /* Resources */ = {
			isa = PBXResourcesBuildPhase;
			buildActionMask = 2147483647;
			files = (
			);
			runOnlyForDeploymentPostprocessing = 0;
		};
/* End PBXResourcesBuildPhase section */

/* Begin PBXSourcesBuildPhase section */
		11183FDC2A6055B400C77ABE /* Sources */ = {
			isa = PBXSourcesBuildPhase;
			buildActionMask = 2147483647;
			files = (
				111840142A60567100C77ABE /* SensorLogger.swift in Sources */,
				11183FE82A6055B400C77ABE /* ContentView.swift in Sources */,
				11183FE62A6055B400C77ABE /* LoggerApp.swift in Sources */,
			);
			runOnlyForDeploymentPostprocessing = 0;
		};
		11183FEE2A6055B600C77ABE /* Sources */ = {
			isa = PBXSourcesBuildPhase;
			buildActionMask = 2147483647;
			files = (
				11183FF72A6055B600C77ABE /* Logger_Watch_AppTests.swift in Sources */,
			);
			runOnlyForDeploymentPostprocessing = 0;
		};
		11183FF82A6055B600C77ABE /* Sources */ = {
			isa = PBXSourcesBuildPhase;
			buildActionMask = 2147483647;
			files = (
				111840032A6055B600C77ABE /* Logger_Watch_AppUITestsLaunchTests.swift in Sources */,
				111840012A6055B600C77ABE /* Logger_Watch_AppUITests.swift in Sources */,
			);
			runOnlyForDeploymentPostprocessing = 0;
		};
/* End PBXSourcesBuildPhase section */

/* Begin PBXTargetDependency section */
		11183FE32A6055B400C77ABE /* PBXTargetDependency */ = {
			isa = PBXTargetDependency;
			target = 11183FDF2A6055B400C77ABE /* Logger Watch App */;
			targetProxy = 11183FE22A6055B400C77ABE /* PBXContainerItemProxy */;
		};
		11183FF42A6055B600C77ABE /* PBXTargetDependency */ = {
			isa = PBXTargetDependency;
			target = 11183FDF2A6055B400C77ABE /* Logger Watch App */;
			targetProxy = 11183FF32A6055B600C77ABE /* PBXContainerItemProxy */;
		};
		11183FFE2A6055B600C77ABE /* PBXTargetDependency */ = {
			isa = PBXTargetDependency;
			target = 11183FDF2A6055B400C77ABE /* Logger Watch App */;
			targetProxy = 11183FFD2A6055B600C77ABE /* PBXContainerItemProxy */;
		};
/* End PBXTargetDependency section */

/* Begin XCBuildConfiguration section */
		111840042A6055B600C77ABE /* Debug */ = {
			isa = XCBuildConfiguration;
			buildSettings = {
				ALWAYS_SEARCH_USER_PATHS = NO;
				CLANG_ANALYZER_NONNULL = YES;
				CLANG_ANALYZER_NUMBER_OBJECT_CONVERSION = YES_AGGRESSIVE;
				CLANG_CXX_LANGUAGE_STANDARD = "gnu++20";
				CLANG_ENABLE_MODULES = YES;
				CLANG_ENABLE_OBJC_ARC = YES;
				CLANG_ENABLE_OBJC_WEAK = YES;
				CLANG_WARN_BLOCK_CAPTURE_AUTORELEASING = YES;
				CLANG_WARN_BOOL_CONVERSION = YES;
				CLANG_WARN_COMMA = YES;
				CLANG_WARN_CONSTANT_CONVERSION = YES;
				CLANG_WARN_DEPRECATED_OBJC_IMPLEMENTATIONS = YES;
				CLANG_WARN_DIRECT_OBJC_ISA_USAGE = YES_ERROR;
				CLANG_WARN_DOCUMENTATION_COMMENTS = YES;
				CLANG_WARN_EMPTY_BODY = YES;
				CLANG_WARN_ENUM_CONVERSION = YES;
				CLANG_WARN_INFINITE_RECURSION = YES;
				CLANG_WARN_INT_CONVERSION = YES;
				CLANG_WARN_NON_LITERAL_NULL_CONVERSION = YES;
				CLANG_WARN_OBJC_IMPLICIT_RETAIN_SELF = YES;
				CLANG_WARN_OBJC_LITERAL_CONVERSION = YES;
				CLANG_WARN_OBJC_ROOT_CLASS = YES_ERROR;
				CLANG_WARN_QUOTED_INCLUDE_IN_FRAMEWORK_HEADER = YES;
				CLANG_WARN_RANGE_LOOP_ANALYSIS = YES;
				CLANG_WARN_STRICT_PROTOTYPES = YES;
				CLANG_WARN_SUSPICIOUS_MOVE = YES;
				CLANG_WARN_UNGUARDED_AVAILABILITY = YES_AGGRESSIVE;
				CLANG_WARN_UNREACHABLE_CODE = YES;
				CLANG_WARN__DUPLICATE_METHOD_MATCH = YES;
				COPY_PHASE_STRIP = NO;
				DEBUG_INFORMATION_FORMAT = dwarf;
				ENABLE_STRICT_OBJC_MSGSEND = YES;
				ENABLE_TESTABILITY = YES;
				GCC_C_LANGUAGE_STANDARD = gnu11;
				GCC_DYNAMIC_NO_PIC = NO;
				GCC_NO_COMMON_BLOCKS = YES;
				GCC_OPTIMIZATION_LEVEL = 0;
				GCC_PREPROCESSOR_DEFINITIONS = (
					"DEBUG=1",
					"$(inherited)",
				);
				GCC_WARN_64_TO_32_BIT_CONVERSION = YES;
				GCC_WARN_ABOUT_RETURN_TYPE = YES_ERROR;
				GCC_WARN_UNDECLARED_SELECTOR = YES;
				GCC_WARN_UNINITIALIZED_AUTOS = YES_AGGRESSIVE;
				GCC_WARN_UNUSED_FUNCTION = YES;
				GCC_WARN_UNUSED_VARIABLE = YES;
				MTL_ENABLE_DEBUG_INFO = INCLUDE_SOURCE;
				MTL_FAST_MATH = YES;
				ONLY_ACTIVE_ARCH = YES;
				SWIFT_ACTIVE_COMPILATION_CONDITIONS = DEBUG;
				SWIFT_OPTIMIZATION_LEVEL = "-Onone";
			};
			name = Debug;
		};
		111840052A6055B600C77ABE /* Release */ = {
			isa = XCBuildConfiguration;
			buildSettings = {
				ALWAYS_SEARCH_USER_PATHS = NO;
				CLANG_ANALYZER_NONNULL = YES;
				CLANG_ANALYZER_NUMBER_OBJECT_CONVERSION = YES_AGGRESSIVE;
				CLANG_CXX_LANGUAGE_STANDARD = "gnu++20";
				CLANG_ENABLE_MODULES = YES;
				CLANG_ENABLE_OBJC_ARC = YES;
				CLANG_ENABLE_OBJC_WEAK = YES;
				CLANG_WARN_BLOCK_CAPTURE_AUTORELEASING = YES;
				CLANG_WARN_BOOL_CONVERSION = YES;
				CLANG_WARN_COMMA = YES;
				CLANG_WARN_CONSTANT_CONVERSION = YES;
				CLANG_WARN_DEPRECATED_OBJC_IMPLEMENTATIONS = YES;
				CLANG_WARN_DIRECT_OBJC_ISA_USAGE = YES_ERROR;
				CLANG_WARN_DOCUMENTATION_COMMENTS = YES;
				CLANG_WARN_EMPTY_BODY = YES;
				CLANG_WARN_ENUM_CONVERSION = YES;
				CLANG_WARN_INFINITE_RECURSION = YES;
				CLANG_WARN_INT_CONVERSION = YES;
				CLANG_WARN_NON_LITERAL_NULL_CONVERSION = YES;
				CLANG_WARN_OBJC_IMPLICIT_RETAIN_SELF = YES;
				CLANG_WARN_OBJC_LITERAL_CONVERSION = YES;
				CLANG_WARN_OBJC_ROOT_CLASS = YES_ERROR;
				CLANG_WARN_QUOTED_INCLUDE_IN_FRAMEWORK_HEADER = YES;
				CLANG_WARN_RANGE_LOOP_ANALYSIS = YES;
				CLANG_WARN_STRICT_PROTOTYPES = YES;
				CLANG_WARN_SUSPICIOUS_MOVE = YES;
				CLANG_WARN_UNGUARDED_AVAILABILITY = YES_AGGRESSIVE;
				CLANG_WARN_UNREACHABLE_CODE = YES;
				CLANG_WARN__DUPLICATE_METHOD_MATCH = YES;
				COPY_PHASE_STRIP = NO;
				DEBUG_INFORMATION_FORMAT = "dwarf-with-dsym";
				ENABLE_NS_ASSERTIONS = NO;
				ENABLE_STRICT_OBJC_MSGSEND = YES;
				GCC_C_LANGUAGE_STANDARD = gnu11;
				GCC_NO_COMMON_BLOCKS = YES;
				GCC_WARN_64_TO_32_BIT_CONVERSION = YES;
				GCC_WARN_ABOUT_RETURN_TYPE = YES_ERROR;
				GCC_WARN_UNDECLARED_SELECTOR = YES;
				GCC_WARN_UNINITIALIZED_AUTOS = YES_AGGRESSIVE;
				GCC_WARN_UNUSED_FUNCTION = YES;
				GCC_WARN_UNUSED_VARIABLE = YES;
				MTL_ENABLE_DEBUG_INFO = NO;
				MTL_FAST_MATH = YES;
				SWIFT_COMPILATION_MODE = wholemodule;
				SWIFT_OPTIMIZATION_LEVEL = "-O";
			};
			name = Release;
		};
		111840072A6055B600C77ABE /* Debug */ = {
			isa = XCBuildConfiguration;
			buildSettings = {
				ASSETCATALOG_COMPILER_APPICON_NAME = AppIcon;
				ASSETCATALOG_COMPILER_GLOBAL_ACCENT_COLOR_NAME = AccentColor;
				CODE_SIGN_STYLE = Automatic;
				CURRENT_PROJECT_VERSION = 1;
				DEVELOPMENT_ASSET_PATHS = "\"Logger Watch App/Preview Content\"";
				DEVELOPMENT_TEAM = SH5QR6GTFW;
				ENABLE_PREVIEWS = YES;
				GENERATE_INFOPLIST_FILE = YES;
				INFOPLIST_KEY_CFBundleDisplayName = Logger;
				INFOPLIST_KEY_UISupportedInterfaceOrientations = "UIInterfaceOrientationPortrait UIInterfaceOrientationPortraitUpsideDown";
				INFOPLIST_KEY_WKWatchOnly = YES;
				LD_RUNPATH_SEARCH_PATHS = (
					"$(inherited)",
					"@executable_path/Frameworks",
				);
				MARKETING_VERSION = 1.0;
				PRODUCT_BUNDLE_IDENTIFIER = com.tedo.Logger.watchkitapp;
				PRODUCT_NAME = "$(TARGET_NAME)";
				SDKROOT = watchos;
				SKIP_INSTALL = YES;
				SWIFT_EMIT_LOC_STRINGS = YES;
				SWIFT_VERSION = 5.0;
				TARGETED_DEVICE_FAMILY = 4;
				WATCHOS_DEPLOYMENT_TARGET = 9.4;
			};
			name = Debug;
		};
		111840082A6055B600C77ABE /* Release */ = {
			isa = XCBuildConfiguration;
			buildSettings = {
				ASSETCATALOG_COMPILER_APPICON_NAME = AppIcon;
				ASSETCATALOG_COMPILER_GLOBAL_ACCENT_COLOR_NAME = AccentColor;
				CODE_SIGN_STYLE = Automatic;
				CURRENT_PROJECT_VERSION = 1;
				DEVELOPMENT_ASSET_PATHS = "\"Logger Watch App/Preview Content\"";
				DEVELOPMENT_TEAM = SH5QR6GTFW;
				ENABLE_PREVIEWS = YES;
				GENERATE_INFOPLIST_FILE = YES;
				INFOPLIST_KEY_CFBundleDisplayName = Logger;
				INFOPLIST_KEY_UISupportedInterfaceOrientations = "UIInterfaceOrientationPortrait UIInterfaceOrientationPortraitUpsideDown";
				INFOPLIST_KEY_WKWatchOnly = YES;
				LD_RUNPATH_SEARCH_PATHS = (
					"$(inherited)",
					"@executable_path/Frameworks",
				);
				MARKETING_VERSION = 1.0;
				PRODUCT_BUNDLE_IDENTIFIER = com.tedo.Logger.watchkitapp;
				PRODUCT_NAME = "$(TARGET_NAME)";
				SDKROOT = watchos;
				SKIP_INSTALL = YES;
				SWIFT_EMIT_LOC_STRINGS = YES;
				SWIFT_VERSION = 5.0;
				TARGETED_DEVICE_FAMILY = 4;
				VALIDATE_PRODUCT = YES;
				WATCHOS_DEPLOYMENT_TARGET = 9.4;
			};
			name = Release;
		};
		1118400B2A6055B600C77ABE /* Debug */ = {
			isa = XCBuildConfiguration;
			buildSettings = {
				ALWAYS_EMBED_SWIFT_STANDARD_LIBRARIES = YES;
				CODE_SIGN_STYLE = Automatic;
				CURRENT_PROJECT_VERSION = 1;
				DEVELOPMENT_TEAM = SH5QR6GTFW;
				INFOPLIST_KEY_CFBundleDisplayName = Logger;
				MARKETING_VERSION = 1.0;
				PRODUCT_BUNDLE_IDENTIFIER = com.tedo.Logger;
				PRODUCT_NAME = "$(TARGET_NAME)";
				SDKROOT = iphoneos;
				SWIFT_VERSION = 5.0;
			};
			name = Debug;
		};
		1118400C2A6055B600C77ABE /* Release */ = {
			isa = XCBuildConfiguration;
			buildSettings = {
				ALWAYS_EMBED_SWIFT_STANDARD_LIBRARIES = YES;
				CODE_SIGN_STYLE = Automatic;
				CURRENT_PROJECT_VERSION = 1;
				DEVELOPMENT_TEAM = SH5QR6GTFW;
				INFOPLIST_KEY_CFBundleDisplayName = Logger;
				MARKETING_VERSION = 1.0;
				PRODUCT_BUNDLE_IDENTIFIER = com.tedo.Logger;
				PRODUCT_NAME = "$(TARGET_NAME)";
				SDKROOT = iphoneos;
				SWIFT_VERSION = 5.0;
				VALIDATE_PRODUCT = YES;
			};
			name = Release;
		};
		1118400E2A6055B600C77ABE /* Debug */ = {
			isa = XCBuildConfiguration;
			buildSettings = {
				ALWAYS_EMBED_SWIFT_STANDARD_LIBRARIES = YES;
				BUNDLE_LOADER = "$(TEST_HOST)";
				CODE_SIGN_STYLE = Automatic;
				CURRENT_PROJECT_VERSION = 1;
				DEVELOPMENT_TEAM = SH5QR6GTFW;
				GENERATE_INFOPLIST_FILE = YES;
				MARKETING_VERSION = 1.0;
				PRODUCT_BUNDLE_IDENTIFIER = "com.tedo.Logger-Watch-AppTests";
				PRODUCT_NAME = "$(TARGET_NAME)";
				SDKROOT = watchos;
				SWIFT_EMIT_LOC_STRINGS = NO;
				SWIFT_VERSION = 5.0;
				TARGETED_DEVICE_FAMILY = 4;
				TEST_HOST = "$(BUILT_PRODUCTS_DIR)/Logger Watch App.app/$(BUNDLE_EXECUTABLE_FOLDER_PATH)/Logger Watch App";
				WATCHOS_DEPLOYMENT_TARGET = 9.4;
			};
			name = Debug;
		};
		1118400F2A6055B600C77ABE /* Release */ = {
			isa = XCBuildConfiguration;
			buildSettings = {
				ALWAYS_EMBED_SWIFT_STANDARD_LIBRARIES = YES;
				BUNDLE_LOADER = "$(TEST_HOST)";
				CODE_SIGN_STYLE = Automatic;
				CURRENT_PROJECT_VERSION = 1;
				DEVELOPMENT_TEAM = SH5QR6GTFW;
				GENERATE_INFOPLIST_FILE = YES;
				MARKETING_VERSION = 1.0;
				PRODUCT_BUNDLE_IDENTIFIER = "com.tedo.Logger-Watch-AppTests";
				PRODUCT_NAME = "$(TARGET_NAME)";
				SDKROOT = watchos;
				SWIFT_EMIT_LOC_STRINGS = NO;
				SWIFT_VERSION = 5.0;
				TARGETED_DEVICE_FAMILY = 4;
				TEST_HOST = "$(BUILT_PRODUCTS_DIR)/Logger Watch App.app/$(BUNDLE_EXECUTABLE_FOLDER_PATH)/Logger Watch App";
				VALIDATE_PRODUCT = YES;
				WATCHOS_DEPLOYMENT_TARGET = 9.4;
			};
			name = Release;
		};
		111840112A6055B600C77ABE /* Debug */ = {
			isa = XCBuildConfiguration;
			buildSettings = {
				ALWAYS_EMBED_SWIFT_STANDARD_LIBRARIES = YES;
				CODE_SIGN_STYLE = Automatic;
				CURRENT_PROJECT_VERSION = 1;
				DEVELOPMENT_TEAM = SH5QR6GTFW;
				GENERATE_INFOPLIST_FILE = YES;
				MARKETING_VERSION = 1.0;
				PRODUCT_BUNDLE_IDENTIFIER = "com.tedo.Logger-Watch-AppUITests";
				PRODUCT_NAME = "$(TARGET_NAME)";
				SDKROOT = watchos;
				SWIFT_EMIT_LOC_STRINGS = NO;
				SWIFT_VERSION = 5.0;
				TARGETED_DEVICE_FAMILY = 4;
				TEST_TARGET_NAME = "Logger Watch App";
				WATCHOS_DEPLOYMENT_TARGET = 9.4;
			};
			name = Debug;
		};
		111840122A6055B600C77ABE /* Release */ = {
			isa = XCBuildConfiguration;
			buildSettings = {
				ALWAYS_EMBED_SWIFT_STANDARD_LIBRARIES = YES;
				CODE_SIGN_STYLE = Automatic;
				CURRENT_PROJECT_VERSION = 1;
				DEVELOPMENT_TEAM = SH5QR6GTFW;
				GENERATE_INFOPLIST_FILE = YES;
				MARKETING_VERSION = 1.0;
				PRODUCT_BUNDLE_IDENTIFIER = "com.tedo.Logger-Watch-AppUITests";
				PRODUCT_NAME = "$(TARGET_NAME)";
				SDKROOT = watchos;
				SWIFT_EMIT_LOC_STRINGS = NO;
				SWIFT_VERSION = 5.0;
				TARGETED_DEVICE_FAMILY = 4;
				TEST_TARGET_NAME = "Logger Watch App";
				VALIDATE_PRODUCT = YES;
				WATCHOS_DEPLOYMENT_TARGET = 9.4;
			};
			name = Release;
		};
/* End XCBuildConfiguration section */

/* Begin XCConfigurationList section */
		11183FD72A6055B400C77ABE /* Build configuration list for PBXProject "Logger" */ = {
			isa = XCConfigurationList;
			buildConfigurations = (
				111840042A6055B600C77ABE /* Debug */,
				111840052A6055B600C77ABE /* Release */,
			);
			defaultConfigurationIsVisible = 0;
			defaultConfigurationName = Release;
		};
		111840062A6055B600C77ABE /* Build configuration list for PBXNativeTarget "Logger Watch App" */ = {
			isa = XCConfigurationList;
			buildConfigurations = (
				111840072A6055B600C77ABE /* Debug */,
				111840082A6055B600C77ABE /* Release */,
			);
			defaultConfigurationIsVisible = 0;
			defaultConfigurationName = Release;
		};
		1118400A2A6055B600C77ABE /* Build configuration list for PBXNativeTarget "Logger" */ = {
			isa = XCConfigurationList;
			buildConfigurations = (
				1118400B2A6055B600C77ABE /* Debug */,
				1118400C2A6055B600C77ABE /* Release */,
			);
			defaultConfigurationIsVisible = 0;
			defaultConfigurationName = Release;
		};
		1118400D2A6055B600C77ABE /* Build configuration list for PBXNativeTarget "Logger Watch AppTests" */ = {
			isa = XCConfigurationList;
			buildConfigurations = (
				1118400E2A6055B600C77ABE /* Debug */,
				1118400F2A6055B600C77ABE /* Release */,
			);
			defaultConfigurationIsVisible = 0;
			defaultConfigurationName = Release;
		};
		111840102A6055B600C77ABE /* Build configuration list for PBXNativeTarget "Logger Watch AppUITests" */ = {
			isa = XCConfigurationList;
			buildConfigurations = (
				111840112A6055B600C77ABE /* Debug */,
				111840122A6055B600C77ABE /* Release */,
			);
			defaultConfigurationIsVisible = 0;
			defaultConfigurationName = Release;
		};
/* End XCConfigurationList section */
	};
	rootObject = 11183FD42A6055B400C77ABE /* Project object */;
}
